PODS:
  - PixelEditor (0.2.1):
    - PixelEngine (~> 0.2.0)
    - TransitionPatch (~> 1.0.0)
  - PixelEngine (0.2.1)
  - TransitionPatch (1.0.2)

DEPENDENCIES:
  - PixelEditor
  - PixelEngine (~> 0.2)

SPEC REPOS:
  https://github.com/cocoapods/specs.git:
    - PixelEditor
    - PixelEngine
    - TransitionPatch

SPEC CHECKSUMS:
  PixelEditor: 2982b2c613111b809662f8f91e29f1b0204ff1b6
  PixelEngine: d0684b3e0d3efb348d13cea320731dedaf3f4965
  TransitionPatch: c02b48b1429255b14ef82b7e411034e0958b9681

PODFILE CHECKSUM: afb77430c7846e0963f9e55d8b2406c4ccb1fd48

COCOAPODS: 1.5.2
